// !$*UTF8*$!
{
	archiveVersion = 1;
	classes = {
	};
	objectVersion = 56;
	objects = {

/* Begin PBXBuildFile section */
		8E99BB6D2DB76D01002F6AAA /* AppDelegate.swift in Sources */ = {isa = PBXBuildFile; fileRef = 8E99BB6C2DB76D01002F6AAA /* AppDelegate.swift */; };
		8E99BB6F2DB76D01002F6AAA /* SceneDelegate.swift in Sources */ = {isa = PBXBuildFile; fileRef = 8E99BB6E2DB76D01002F6AAA /* SceneDelegate.swift */; };
		8E99BB712DB76D01002F6AAA /* ViewController.swift in Sources */ = {isa = PBXBuildFile; fileRef = 8E99BB702DB76D01002F6AAA /* ViewController.swift */; };
		8E99BB742DB76D01002F6AAA /* Main.storyboard in Resources */ = {isa = PBXBuildFile; fileRef = 8E99BB722DB76D01002F6AAA /* Main.storyboard */; };
		8E99BB762DB76D04002F6AAA /* Assets.xcassets in Resources */ = {isa = PBXBuildFile; fileRef = 8E99BB752DB76D04002F6AAA /* Assets.xcassets */; };
		8E99BB792DB76D04002F6AAA /* LaunchScreen.storyboard in Resources */ = {isa = PBXBuildFile; fileRef = 8E99BB772DB76D04002F6AAA /* LaunchScreen.storyboard */; };
		8E99BB842DB76D04002F6AAA /* CDTests.swift in Sources */ = {isa = PBXBuildFile; fileRef = 8E99BB832DB76D04002F6AAA /* CDTests.swift */; };
		8E99BB8E2DB76D04002F6AAA /* CDUITests.swift in Sources */ = {isa = PBXBuildFile; fileRef = 8E99BB8D2DB76D04002F6AAA /* CDUITests.swift */; };
		8E99BB902DB76D04002F6AAA /* CDUITestsLaunchTests.swift in Sources */ = {isa = PBXBuildFile; fileRef = 8E99BB8F2DB76D04002F6AAA /* CDUITestsLaunchTests.swift */; };
/* End PBXBuildFile section */

/* Begin PBXContainerItemProxy section */
		048B510D2DCA28AA00C8C450 /* PBXContainerItemProxy */ = {
			isa = PBXContainerItemProxy;
			containerPortal = 8E99BB612DB76D01002F6AAA /* Project object */;
			proxyType = 1;
			remoteGlobalIDString = 8E99BB682DB76D01002F6AAA;
			remoteInfo = CD;
		};
		8E99BB802DB76D04002F6AAA /* PBXContainerItemProxy */ = {
			isa = PBXContainerItemProxy;
			containerPortal = 8E99BB612DB76D01002F6AAA /* Project object */;
			proxyType = 1;
			remoteGlobalIDString = 8E99BB682DB76D01002F6AAA;
			remoteInfo = CD;
		};
		8E99BB8A2DB76D04002F6AAA /* PBXContainerItemProxy */ = {
			isa = PBXContainerItemProxy;
			containerPortal = 8E99BB612DB76D01002F6AAA /* Project object */;
			proxyType = 1;
			remoteGlobalIDString = 8E99BB682DB76D01002F6AAA;
			remoteInfo = CD;
		};
/* End PBXContainerItemProxy section */

/* Begin PBXFileReference section */
		048B51072DCA28AA00C8C450 /* CDUITest.xctest */ = {isa = PBXFileReference; explicitFileType = wrapper.cfbundle; includeInIndex = 0; path = CDUITest.xctest; sourceTree = BUILT_PRODUCTS_DIR; };
		8E99BB692DB76D01002F6AAA /* CD.app */ = {isa = PBXFileReference; explicitFileType = wrapper.application; includeInIndex = 0; path = CD.app; sourceTree = BUILT_PRODUCTS_DIR; };
		8E99BB6C2DB76D01002F6AAA /* AppDelegate.swift */ = {isa = PBXFileReference; lastKnownFileType = sourcecode.swift; path = AppDelegate.swift; sourceTree = "<group>"; };
		8E99BB6E2DB76D01002F6AAA /* SceneDelegate.swift */ = {isa = PBXFileReference; lastKnownFileType = sourcecode.swift; path = SceneDelegate.swift; sourceTree = "<group>"; };
		8E99BB702DB76D01002F6AAA /* ViewController.swift */ = {isa = PBXFileReference; lastKnownFileType = sourcecode.swift; path = ViewController.swift; sourceTree = "<group>"; };
		8E99BB732DB76D01002F6AAA /* Base */ = {isa = PBXFileReference; lastKnownFileType = file.storyboard; name = Base; path = Base.lproj/Main.storyboard; sourceTree = "<group>"; };
		8E99BB752DB76D04002F6AAA /* Assets.xcassets */ = {isa = PBXFileReference; lastKnownFileType = folder.assetcatalog; path = Assets.xcassets; sourceTree = "<group>"; };
		8E99BB782DB76D04002F6AAA /* Base */ = {isa = PBXFileReference; lastKnownFileType = file.storyboard; name = Base; path = Base.lproj/LaunchScreen.storyboard; sourceTree = "<group>"; };
		8E99BB7A2DB76D04002F6AAA /* Info.plist */ = {isa = PBXFileReference; lastKnownFileType = text.plist.xml; path = Info.plist; sourceTree = "<group>"; };
		8E99BB7F2DB76D04002F6AAA /* CDTests.xctest */ = {isa = PBXFileReference; explicitFileType = wrapper.cfbundle; includeInIndex = 0; path = CDTests.xctest; sourceTree = BUILT_PRODUCTS_DIR; };
		8E99BB832DB76D04002F6AAA /* CDTests.swift */ = {isa = PBXFileReference; lastKnownFileType = sourcecode.swift; path = CDTests.swift; sourceTree = "<group>"; };
		8E99BB892DB76D04002F6AAA /* CDUITests.xctest */ = {isa = PBXFileReference; explicitFileType = wrapper.cfbundle; includeInIndex = 0; path = CDUITests.xctest; sourceTree = BUILT_PRODUCTS_DIR; };
		8E99BB8D2DB76D04002F6AAA /* CDUITests.swift */ = {isa = PBXFileReference; lastKnownFileType = sourcecode.swift; path = CDUITests.swift; sourceTree = "<group>"; };
		8E99BB8F2DB76D04002F6AAA /* CDUITestsLaunchTests.swift */ = {isa = PBXFileReference; lastKnownFileType = sourcecode.swift; path = CDUITestsLaunchTests.swift; sourceTree = "<group>"; };
/* End PBXFileReference section */

/* Begin PBXFrameworksBuildPhase section */
		048B51042DCA28AA00C8C450 /* Frameworks */ = {
			isa = PBXFrameworksBuildPhase;
			buildActionMask = 2147483647;
			files = (
			);
			runOnlyForDeploymentPostprocessing = 0;
		};
		8E99BB662DB76D01002F6AAA /* Frameworks */ = {
			isa = PBXFrameworksBuildPhase;
			buildActionMask = 2147483647;
			files = (
			);
			runOnlyForDeploymentPostprocessing = 0;
		};
		8E99BB7C2DB76D04002F6AAA /* Frameworks */ = {
			isa = PBXFrameworksBuildPhase;
			buildActionMask = 2147483647;
			files = (
			);
			runOnlyForDeploymentPostprocessing = 0;
		};
		8E99BB862DB76D04002F6AAA /* Frameworks */ = {
			isa = PBXFrameworksBuildPhase;
			buildActionMask = 2147483647;
			files = (
			);
			runOnlyForDeploymentPostprocessing = 0;
		};
/* End PBXFrameworksBuildPhase section */

/* Begin PBXGroup section */
		8E99BB602DB76D01002F6AAA = {
			isa = PBXGroup;
			children = (
				8E99BB6B2DB76D01002F6AAA /* CD */,
				8E99BB822DB76D04002F6AAA /* CDTests */,
				8E99BB8C2DB76D04002F6AAA /* CDUITests */,
				8E99BB6A2DB76D01002F6AAA /* Products */,
			);
			sourceTree = "<group>";
		};
		8E99BB6A2DB76D01002F6AAA /* Products */ = {
			isa = PBXGroup;
			children = (
				8E99BB692DB76D01002F6AAA /* CD.app */,
				8E99BB7F2DB76D04002F6AAA /* CDTests.xctest */,
				8E99BB892DB76D04002F6AAA /* CDUITests.xctest */,
				048B51072DCA28AA00C8C450 /* CDUITest.xctest */,
			);
			name = Products;
			sourceTree = "<group>";
		};
		8E99BB6B2DB76D01002F6AAA /* CD */ = {
			isa = PBXGroup;
			children = (
				8E99BB6C2DB76D01002F6AAA /* AppDelegate.swift */,
				8E99BB6E2DB76D01002F6AAA /* SceneDelegate.swift */,
				8E99BB702DB76D01002F6AAA /* ViewController.swift */,
				8E99BB722DB76D01002F6AAA /* Main.storyboard */,
				8E99BB752DB76D04002F6AAA /* Assets.xcassets */,
				8E99BB772DB76D04002F6AAA /* LaunchScreen.storyboard */,
				8E99BB7A2DB76D04002F6AAA /* Info.plist */,
			);
			path = CD;
			sourceTree = "<group>";
		};
		8E99BB822DB76D04002F6AAA /* CDTests */ = {
			isa = PBXGroup;
			children = (
				8E99BB832DB76D04002F6AAA /* CDTests.swift */,
			);
			path = CDTests;
			sourceTree = "<group>";
		};
		8E99BB8C2DB76D04002F6AAA /* CDUITests */ = {
			isa = PBXGroup;
			children = (
				8E99BB8D2DB76D04002F6AAA /* CDUITests.swift */,
				8E99BB8F2DB76D04002F6AAA /* CDUITestsLaunchTests.swift */,
			);
			path = CDUITests;
			sourceTree = "<group>";
		};
/* End PBXGroup section */

/* Begin PBXNativeTarget section */
		048B51062DCA28AA00C8C450 /* CDUITest */ = {
			isa = PBXNativeTarget;
			buildConfigurationList = 048B51112DCA28AA00C8C450 /* Build configuration list for PBXNativeTarget "CDUITest" */;
			buildPhases = (
				048B51032DCA28AA00C8C450 /* Sources */,
				048B51042DCA28AA00C8C450 /* Frameworks */,
				048B51052DCA28AA00C8C450 /* Resources */,
			);
			buildRules = (
			);
			dependencies = (
				048B510E2DCA28AA00C8C450 /* PBXTargetDependency */,
			);
			name = CDUITest;
			packageProductDependencies = (
			);
			productName = CDUITest;
			productReference = 048B51072DCA28AA00C8C450 /* CDUITest.xctest */;
			productType = "com.apple.product-type.bundle.ui-testing";
		};
		8E99BB682DB76D01002F6AAA /* CD */ = {
			isa = PBXNativeTarget;
			buildConfigurationList = 8E99BB932DB76D04002F6AAA /* Build configuration list for PBXNativeTarget "CD" */;
			buildPhases = (
				8E99BB652DB76D01002F6AAA /* Sources */,
				8E99BB662DB76D01002F6AAA /* Frameworks */,
				8E99BB672DB76D01002F6AAA /* Resources */,
			);
			buildRules = (
			);
			dependencies = (
			);
			name = CD;
			productName = CD;
			productReference = 8E99BB692DB76D01002F6AAA /* CD.app */;
			productType = "com.apple.product-type.application";
		};
		8E99BB7E2DB76D04002F6AAA /* CDTests */ = {
			isa = PBXNativeTarget;
			buildConfigurationList = 8E99BB962DB76D04002F6AAA /* Build configuration list for PBXNativeTarget "CDTests" */;
			buildPhases = (
				8E99BB7B2DB76D04002F6AAA /* Sources */,
				8E99BB7C2DB76D04002F6AAA /* Frameworks */,
				8E99BB7D2DB76D04002F6AAA /* Resources */,
			);
			buildRules = (
			);
			dependencies = (
				8E99BB812DB76D04002F6AAA /* PBXTargetDependency */,
			);
			name = CDTests;
			productName = CDTests;
			productReference = 8E99BB7F2DB76D04002F6AAA /* CDTests.xctest */;
			productType = "com.apple.product-type.bundle.unit-test";
		};
		8E99BB882DB76D04002F6AAA /* CDUITests */ = {
			isa = PBXNativeTarget;
			buildConfigurationList = 8E99BB992DB76D04002F6AAA /* Build configuration list for PBXNativeTarget "CDUITests" */;
			buildPhases = (
				8E99BB852DB76D04002F6AAA /* Sources */,
				8E99BB862DB76D04002F6AAA /* Frameworks */,
				8E99BB872DB76D04002F6AAA /* Resources */,
			);
			buildRules = (
			);
			dependencies = (
				8E99BB8B2DB76D04002F6AAA /* PBXTargetDependency */,
			);
			name = CDUITests;
			productName = CDUITests;
			productReference = 8E99BB892DB76D04002F6AAA /* CDUITests.xctest */;
			productType = "com.apple.product-type.bundle.ui-testing";
		};
/* End PBXNativeTarget section */

/* Begin PBXProject section */
		8E99BB612DB76D01002F6AAA /* Project object */ = {
			isa = PBXProject;
			attributes = {
				BuildIndependentTargetsInParallel = 1;
				LastSwiftUpdateCheck = 1610;
				LastUpgradeCheck = 1500;
				TargetAttributes = {
					048B51062DCA28AA00C8C450 = {
						CreatedOnToolsVersion = 16.1;
						TestTargetID = 8E99BB682DB76D01002F6AAA;
					};
					8E99BB682DB76D01002F6AAA = {
						CreatedOnToolsVersion = 15.0;
					};
					8E99BB7E2DB76D04002F6AAA = {
						CreatedOnToolsVersion = 15.0;
						TestTargetID = 8E99BB682DB76D01002F6AAA;
					};
					8E99BB882DB76D04002F6AAA = {
						CreatedOnToolsVersion = 15.0;
						TestTargetID = 8E99BB682DB76D01002F6AAA;
					};
				};
			};
			buildConfigurationList = 8E99BB642DB76D01002F6AAA /* Build configuration list for PBXProject "CD" */;
			compatibilityVersion = "Xcode 14.0";
			developmentRegion = en;
			hasScannedForEncodings = 0;
			knownRegions = (
				en,
				Base,
			);
			mainGroup = 8E99BB602DB76D01002F6AAA;
			productRefGroup = 8E99BB6A2DB76D01002F6AAA /* Products */;
			projectDirPath = "";
			projectRoot = "";
			targets = (
				8E99BB682DB76D01002F6AAA /* CD */,
				8E99BB7E2DB76D04002F6AAA /* CDTests */,
				8E99BB882DB76D04002F6AAA /* CDUITests */,
				048B51062DCA28AA00C8C450 /* CDUITest */,
			);
		};
/* End PBXProject section */

/* Begin PBXResourcesBuildPhase section */
		048B51052DCA28AA00C8C450 /* Resources */ = {
			isa = PBXResourcesBuildPhase;
			buildActionMask = 2147483647;
			files = (
			);
			runOnlyForDeploymentPostprocessing = 0;
		};
		8E99BB672DB76D01002F6AAA /* Resources */ = {
			isa = PBXResourcesBuildPhase;
			buildActionMask = 2147483647;
			files = (
				8E99BB792DB76D04002F6AAA /* LaunchScreen.storyboard in Resources */,
				8E99BB762DB76D04002F6AAA /* Assets.xcassets in Resources */,
				8E99BB742DB76D01002F6AAA /* Main.storyboard in Resources */,
			);
			runOnlyForDeploymentPostprocessing = 0;
		};
		8E99BB7D2DB76D04002F6AAA /* Resources */ = {
			isa = PBXResourcesBuildPhase;
			buildActionMask = 2147483647;
			files = (
			);
			runOnlyForDeploymentPostprocessing = 0;
		};
		8E99BB872DB76D04002F6AAA /* Resources */ = {
			isa = PBXResourcesBuildPhase;
			buildActionMask = 2147483647;
			files = (
			);
			runOnlyForDeploymentPostprocessing = 0;
		};
/* End PBXResourcesBuildPhase section */

/* Begin PBXSourcesBuildPhase section */
		048B51032DCA28AA00C8C450 /* Sources */ = {
			isa = PBXSourcesBuildPhase;
			buildActionMask = 2147483647;
			files = (
			);
			runOnlyForDeploymentPostprocessing = 0;
		};
		8E99BB652DB76D01002F6AAA /* Sources */ = {
			isa = PBXSourcesBuildPhase;
			buildActionMask = 2147483647;
			files = (
				8E99BB712DB76D01002F6AAA /* ViewController.swift in Sources */,
				8E99BB6D2DB76D01002F6AAA /* AppDelegate.swift in Sources */,
				8E99BB6F2DB76D01002F6AAA /* SceneDelegate.swift in Sources */,
			);
			runOnlyForDeploymentPostprocessing = 0;
		};
		8E99BB7B2DB76D04002F6AAA /* Sources */ = {
			isa = PBXSourcesBuildPhase;
			buildActionMask = 2147483647;
			files = (
				8E99BB842DB76D04002F6AAA /* CDTests.swift in Sources */,
			);
			runOnlyForDeploymentPostprocessing = 0;
		};
		8E99BB852DB76D04002F6AAA /* Sources */ = {
			isa = PBXSourcesBuildPhase;
			buildActionMask = 2147483647;
			files = (
				8E99BB8E2DB76D04002F6AAA /* CDUITests.swift in Sources */,
				8E99BB902DB76D04002F6AAA /* CDUITestsLaunchTests.swift in Sources */,
			);
			runOnlyForDeploymentPostprocessing = 0;
		};
/* End PBXSourcesBuildPhase section */

/* Begin PBXTargetDependency section */
		048B510E2DCA28AA00C8C450 /* PBXTargetDependency */ = {
			isa = PBXTargetDependency;
			target = 8E99BB682DB76D01002F6AAA /* CD */;
			targetProxy = 048B510D2DCA28AA00C8C450 /* PBXContainerItemProxy */;
		};
		8E99BB812DB76D04002F6AAA /* PBXTargetDependency */ = {
			isa = PBXTargetDependency;
			target = 8E99BB682DB76D01002F6AAA /* CD */;
			targetProxy = 8E99BB802DB76D04002F6AAA /* PBXContainerItemProxy */;
		};
		8E99BB8B2DB76D04002F6AAA /* PBXTargetDependency */ = {
			isa = PBXTargetDependency;
			target = 8E99BB682DB76D01002F6AAA /* CD */;
			targetProxy = 8E99BB8A2DB76D04002F6AAA /* PBXContainerItemProxy */;
		};
/* End PBXTargetDependency section */

/* Begin PBXVariantGroup section */
		8E99BB722DB76D01002F6AAA /* Main.storyboard */ = {
			isa = PBXVariantGroup;
			children = (
				8E99BB732DB76D01002F6AAA /* Base */,
			);
			name = Main.storyboard;
			sourceTree = "<group>";
		};
		8E99BB772DB76D04002F6AAA /* LaunchScreen.storyboard */ = {
			isa = PBXVariantGroup;
			children = (
				8E99BB782DB76D04002F6AAA /* Base */,
			);
			name = LaunchScreen.storyboard;
			sourceTree = "<group>";
		};
/* End PBXVariantGroup section */

/* Begin XCBuildConfiguration section */
		048B510F2DCA28AA00C8C450 /* Debug */ = {
			isa = XCBuildConfiguration;
			buildSettings = {
				CODE_SIGN_STYLE = Automatic;
				CURRENT_PROJECT_VERSION = 1;
				DEVELOPMENT_TEAM = UVJ34Y2TMH;
				GENERATE_INFOPLIST_FILE = YES;
				IPHONEOS_DEPLOYMENT_TARGET = 18.1;
				MARKETING_VERSION = 1.0;
				PRODUCT_BUNDLE_IDENTIFIER = com.hypernymbiz.fleetapp.CDUITest;
				PRODUCT_NAME = "$(TARGET_NAME)";
				SWIFT_EMIT_LOC_STRINGS = NO;
				SWIFT_VERSION = 5.0;
				TARGETED_DEVICE_FAMILY = "1,2";
				TEST_TARGET_NAME = CD;
			};
			name = Debug;
		};
		048B51102DCA28AA00C8C450 /* Release */ = {
			isa = XCBuildConfiguration;
			buildSettings = {
				CODE_SIGN_STYLE = Automatic;
				CURRENT_PROJECT_VERSION = 1;
				DEVELOPMENT_TEAM = UVJ34Y2TMH;
				GENERATE_INFOPLIST_FILE = YES;
				IPHONEOS_DEPLOYMENT_TARGET = 18.1;
				MARKETING_VERSION = 1.0;
				PRODUCT_BUNDLE_IDENTIFIER = com.hypernymbiz.fleetapp.CDUITest;
				PRODUCT_NAME = "$(TARGET_NAME)";
				SWIFT_EMIT_LOC_STRINGS = NO;
				SWIFT_VERSION = 5.0;
				TARGETED_DEVICE_FAMILY = "1,2";
				TEST_TARGET_NAME = CD;
			};
			name = Release;
		};
		8E99BB912DB76D04002F6AAA /* Debug */ = {
			isa = XCBuildConfiguration;
			buildSettings = {
				ALWAYS_SEARCH_USER_PATHS = NO;
				ASSETCATALOG_COMPILER_GENERATE_SWIFT_ASSET_SYMBOL_EXTENSIONS = YES;
				CLANG_ANALYZER_NONNULL = YES;
				CLANG_ANALYZER_NUMBER_OBJECT_CONVERSION = YES_AGGRESSIVE;
				CLANG_CXX_LANGUAGE_STANDARD = "gnu++20";
				CLANG_ENABLE_MODULES = YES;
				CLANG_ENABLE_OBJC_ARC = YES;
				CLANG_ENABLE_OBJC_WEAK = YES;
				CLANG_WARN_BLOCK_CAPTURE_AUTORELEASING = YES;
				CLANG_WARN_BOOL_CONVERSION = YES;
				CLANG_WARN_COMMA = YES;
				CLANG_WARN_CONSTANT_CONVERSION = YES;
				CLANG_WARN_DEPRECATED_OBJC_IMPLEMENTATIONS = YES;
				CLANG_WARN_DIRECT_OBJC_ISA_USAGE = YES_ERROR;
				CLANG_WARN_DOCUMENTATION_COMMENTS = YES;
				CLANG_WARN_EMPTY_BODY = YES;
				CLANG_WARN_ENUM_CONVERSION = YES;
				CLANG_WARN_INFINITE_RECURSION = YES;
				CLANG_WARN_INT_CONVERSION = YES;
				CLANG_WARN_NON_LITERAL_NULL_CONVERSION = YES;
				CLANG_WARN_OBJC_IMPLICIT_RETAIN_SELF = YES;
				CLANG_WARN_OBJC_LITERAL_CONVERSION = YES;
				CLANG_WARN_OBJC_ROOT_CLASS = YES_ERROR;
				CLANG_WARN_QUOTED_INCLUDE_IN_FRAMEWORK_HEADER = YES;
				CLANG_WARN_RANGE_LOOP_ANALYSIS = YES;
				CLANG_WARN_STRICT_PROTOTYPES = YES;
				CLANG_WARN_SUSPICIOUS_MOVE = YES;
				CLANG_WARN_UNGUARDED_AVAILABILITY = YES_AGGRESSIVE;
				CLANG_WARN_UNREACHABLE_CODE = YES;
				CLANG_WARN__DUPLICATE_METHOD_MATCH = YES;
				COPY_PHASE_STRIP = NO;
				DEBUG_INFORMATION_FORMAT = dwarf;
				ENABLE_STRICT_OBJC_MSGSEND = YES;
				ENABLE_TESTABILITY = YES;
				ENABLE_USER_SCRIPT_SANDBOXING = YES;
				GCC_C_LANGUAGE_STANDARD = gnu17;
				GCC_DYNAMIC_NO_PIC = NO;
				GCC_NO_COMMON_BLOCKS = YES;
				GCC_OPTIMIZATION_LEVEL = 0;
				GCC_PREPROCESSOR_DEFINITIONS = (
					"DEBUG=1",
					"$(inherited)",
				);
				GCC_WARN_64_TO_32_BIT_CONVERSION = YES;
				GCC_WARN_ABOUT_RETURN_TYPE = YES_ERROR;
				GCC_WARN_UNDECLARED_SELECTOR = YES;
				GCC_WARN_UNINITIALIZED_AUTOS = YES_AGGRESSIVE;
				GCC_WARN_UNUSED_FUNCTION = YES;
				GCC_WARN_UNUSED_VARIABLE = YES;
				IPHONEOS_DEPLOYMENT_TARGET = 17.0;
				LOCALIZATION_PREFERS_STRING_CATALOGS = YES;
				MTL_ENABLE_DEBUG_INFO = INCLUDE_SOURCE;
				MTL_FAST_MATH = YES;
				ONLY_ACTIVE_ARCH = YES;
				SDKROOT = iphoneos;
				SWIFT_ACTIVE_COMPILATION_CONDITIONS = "DEBUG $(inherited)";
				SWIFT_OPTIMIZATION_LEVEL = "-Onone";
			};
			name = Debug;
		};
		8E99BB922DB76D04002F6AAA /* Release */ = {
			isa = XCBuildConfiguration;
			buildSettings = {
				ALWAYS_SEARCH_USER_PATHS = NO;
				ASSETCATALOG_COMPILER_GENERATE_SWIFT_ASSET_SYMBOL_EXTENSIONS = YES;
				CLANG_ANALYZER_NONNULL = YES;
				CLANG_ANALYZER_NUMBER_OBJECT_CONVERSION = YES_AGGRESSIVE;
				CLANG_CXX_LANGUAGE_STANDARD = "gnu++20";
				CLANG_ENABLE_MODULES = YES;
				CLANG_ENABLE_OBJC_ARC = YES;
				CLANG_ENABLE_OBJC_WEAK = YES;
				CLANG_WARN_BLOCK_CAPTURE_AUTORELEASING = YES;
				CLANG_WARN_BOOL_CONVERSION = YES;
				CLANG_WARN_COMMA = YES;
				CLANG_WARN_CONSTANT_CONVERSION = YES;
				CLANG_WARN_DEPRECATED_OBJC_IMPLEMENTATIONS = YES;
				CLANG_WARN_DIRECT_OBJC_ISA_USAGE = YES_ERROR;
				CLANG_WARN_DOCUMENTATION_COMMENTS = YES;
				CLANG_WARN_EMPTY_BODY = YES;
				CLANG_WARN_ENUM_CONVERSION = YES;
				CLANG_WARN_INFINITE_RECURSION = YES;
				CLANG_WARN_INT_CONVERSION = YES;
				CLANG_WARN_NON_LITERAL_NULL_CONVERSION = YES;
				CLANG_WARN_OBJC_IMPLICIT_RETAIN_SELF = YES;
				CLANG_WARN_OBJC_LITERAL_CONVERSION = YES;
				CLANG_WARN_OBJC_ROOT_CLASS = YES_ERROR;
				CLANG_WARN_QUOTED_INCLUDE_IN_FRAMEWORK_HEADER = YES;
				CLANG_WARN_RANGE_LOOP_ANALYSIS = YES;
				CLANG_WARN_STRICT_PROTOTYPES = YES;
				CLANG_WARN_SUSPICIOUS_MOVE = YES;
				CLANG_WARN_UNGUARDED_AVAILABILITY = YES_AGGRESSIVE;
				CLANG_WARN_UNREACHABLE_CODE = YES;
				CLANG_WARN__DUPLICATE_METHOD_MATCH = YES;
				COPY_PHASE_STRIP = NO;
				DEBUG_INFORMATION_FORMAT = "dwarf-with-dsym";
				ENABLE_NS_ASSERTIONS = NO;
				ENABLE_STRICT_OBJC_MSGSEND = YES;
				ENABLE_USER_SCRIPT_SANDBOXING = YES;
				GCC_C_LANGUAGE_STANDARD = gnu17;
				GCC_NO_COMMON_BLOCKS = YES;
				GCC_WARN_64_TO_32_BIT_CONVERSION = YES;
				GCC_WARN_ABOUT_RETURN_TYPE = YES_ERROR;
				GCC_WARN_UNDECLARED_SELECTOR = YES;
				GCC_WARN_UNINITIALIZED_AUTOS = YES_AGGRESSIVE;
				GCC_WARN_UNUSED_FUNCTION = YES;
				GCC_WARN_UNUSED_VARIABLE = YES;
				IPHONEOS_DEPLOYMENT_TARGET = 17.0;
				LOCALIZATION_PREFERS_STRING_CATALOGS = YES;
				MTL_ENABLE_DEBUG_INFO = NO;
				MTL_FAST_MATH = YES;
				SDKROOT = iphoneos;
				SWIFT_COMPILATION_MODE = wholemodule;
				VALIDATE_PRODUCT = YES;
			};
			name = Release;
		};
		8E99BB942DB76D04002F6AAA /* Debug */ = {
			isa = XCBuildConfiguration;
			buildSettings = {
				ASSETCATALOG_COMPILER_APPICON_NAME = AppIcon;
				ASSETCATALOG_COMPILER_GLOBAL_ACCENT_COLOR_NAME = AccentColor;
				CODE_SIGN_STYLE = Automatic;
				CURRENT_PROJECT_VERSION = 1;
				DEVELOPMENT_TEAM = UVJ34Y2TMH;
				GENERATE_INFOPLIST_FILE = YES;
				INFOPLIST_FILE = CD/Info.plist;
				INFOPLIST_KEY_UIApplicationSupportsIndirectInputEvents = YES;
				INFOPLIST_KEY_UILaunchStoryboardName = LaunchScreen;
				INFOPLIST_KEY_UIMainStoryboardFile = Main;
				INFOPLIST_KEY_UISupportedInterfaceOrientations_iPad = "UIInterfaceOrientationPortrait UIInterfaceOrientationPortraitUpsideDown UIInterfaceOrientationLandscapeLeft UIInterfaceOrientationLandscapeRight";
				INFOPLIST_KEY_UISupportedInterfaceOrientations_iPhone = "UIInterfaceOrientationPortrait UIInterfaceOrientationLandscapeLeft UIInterfaceOrientationLandscapeRight";
				LD_RUNPATH_SEARCH_PATHS = (
					"$(inherited)",
					"@executable_path/Frameworks",
				);
				MARKETING_VERSION = 1.0;
				PRODUCT_BUNDLE_IDENTIFIER = com.HN.CD;
				PRODUCT_NAME = "$(TARGET_NAME)";
				SWIFT_EMIT_LOC_STRINGS = YES;
				SWIFT_VERSION = 5.0;
				TARGETED_DEVICE_FAMILY = "1,2";
			};
			name = Debug;
		};
		8E99BB952DB76D04002F6AAA /* Release */ = {
			isa = XCBuildConfiguration;
			buildSettings = {
				ASSETCATALOG_COMPILER_APPICON_NAME = AppIcon;
				ASSETCATALOG_COMPILER_GLOBAL_ACCENT_COLOR_NAME = AccentColor;
				CODE_SIGN_STYLE = Automatic;
				CURRENT_PROJECT_VERSION = 1;
				DEVELOPMENT_TEAM = UVJ34Y2TMH;
				GENERATE_INFOPLIST_FILE = YES;
				INFOPLIST_FILE = CD/Info.plist;
				INFOPLIST_KEY_UIApplicationSupportsIndirectInputEvents = YES;
				INFOPLIST_KEY_UILaunchStoryboardName = LaunchScreen;
				INFOPLIST_KEY_UIMainStoryboardFile = Main;
				INFOPLIST_KEY_UISupportedInterfaceOrientations_iPad = "UIInterfaceOrientationPortrait UIInterfaceOrientationPortraitUpsideDown UIInterfaceOrientationLandscapeLeft UIInterfaceOrientationLandscapeRight";
				INFOPLIST_KEY_UISupportedInterfaceOrientations_iPhone = "UIInterfaceOrientationPortrait UIInterfaceOrientationLandscapeLeft UIInterfaceOrientationLandscapeRight";
				LD_RUNPATH_SEARCH_PATHS = (
					"$(inherited)",
					"@executable_path/Frameworks",
				);
				MARKETING_VERSION = 1.0;
				PRODUCT_BUNDLE_IDENTIFIER = com.HN.CD;
				PRODUCT_NAME = "$(TARGET_NAME)";
				SWIFT_EMIT_LOC_STRINGS = YES;
				SWIFT_VERSION = 5.0;
				TARGETED_DEVICE_FAMILY = "1,2";
			};
			name = Release;
		};
		8E99BB972DB76D04002F6AAA /* Debug */ = {
			isa = XCBuildConfiguration;
			buildSettings = {
				BUNDLE_LOADER = "$(TEST_HOST)";
				CODE_SIGN_STYLE = Automatic;
				CURRENT_PROJECT_VERSION = 1;
				GENERATE_INFOPLIST_FILE = YES;
				IPHONEOS_DEPLOYMENT_TARGET = 17.0;
				MARKETING_VERSION = 1.0;
				PRODUCT_BUNDLE_IDENTIFIER = com.HN.CDTests;
				PRODUCT_NAME = "$(TARGET_NAME)";
				SWIFT_EMIT_LOC_STRINGS = NO;
				SWIFT_VERSION = 5.0;
				TARGETED_DEVICE_FAMILY = "1,2";
				TEST_HOST = "$(BUILT_PRODUCTS_DIR)/CD.app/$(BUNDLE_EXECUTABLE_FOLDER_PATH)/CD";
			};
			name = Debug;
		};
		8E99BB982DB76D04002F6AAA /* Release */ = {
			isa = XCBuildConfiguration;
			buildSettings = {
				BUNDLE_LOADER = "$(TEST_HOST)";
				CODE_SIGN_STYLE = Automatic;
				CURRENT_PROJECT_VERSION = 1;
				GENERATE_INFOPLIST_FILE = YES;
				IPHONEOS_DEPLOYMENT_TARGET = 17.0;
				MARKETING_VERSION = 1.0;
				PRODUCT_BUNDLE_IDENTIFIER = com.HN.CDTests;
				PRODUCT_NAME = "$(TARGET_NAME)";
				SWIFT_EMIT_LOC_STRINGS = NO;
				SWIFT_VERSION = 5.0;
				TARGETED_DEVICE_FAMILY = "1,2";
				TEST_HOST = "$(BUILT_PRODUCTS_DIR)/CD.app/$(BUNDLE_EXECUTABLE_FOLDER_PATH)/CD";
			};
			name = Release;
		};
		8E99BB9A2DB76D04002F6AAA /* Debug */ = {
			isa = XCBuildConfiguration;
			buildSettings = {
				CODE_SIGN_STYLE = Automatic;
				CURRENT_PROJECT_VERSION = 1;
				GENERATE_INFOPLIST_FILE = YES;
				MARKETING_VERSION = 1.0;
				PRODUCT_BUNDLE_IDENTIFIER = com.HN.CDUITests;
				PRODUCT_NAME = "$(TARGET_NAME)";
				SWIFT_EMIT_LOC_STRINGS = NO;
				SWIFT_VERSION = 5.0;
				TARGETED_DEVICE_FAMILY = "1,2";
				TEST_TARGET_NAME = CD;
			};
			name = Debug;
		};
		8E99BB9B2DB76D04002F6AAA /* Release */ = {
			isa = XCBuildConfiguration;
			buildSettings = {
				CODE_SIGN_STYLE = Automatic;
				CURRENT_PROJECT_VERSION = 1;
				GENERATE_INFOPLIST_FILE = YES;
				MARKETING_VERSION = 1.0;
				PRODUCT_BUNDLE_IDENTIFIER = com.HN.CDUITests;
				PRODUCT_NAME = "$(TARGET_NAME)";
				SWIFT_EMIT_LOC_STRINGS = NO;
				SWIFT_VERSION = 5.0;
				TARGETED_DEVICE_FAMILY = "1,2";
				TEST_TARGET_NAME = CD;
			};
			name = Release;
		};
/* End XCBuildConfiguration section */

/* Begin XCConfigurationList section */
		048B51112DCA28AA00C8C450 /* Build configuration list for PBXNativeTarget "CDUITest" */ = {
			isa = XCConfigurationList;
			buildConfigurations = (
				048B510F2DCA28AA00C8C450 /* Debug */,
				048B51102DCA28AA00C8C450 /* Release */,
			);
			defaultConfigurationIsVisible = 0;
			defaultConfigurationName = Release;
		};
		8E99BB642DB76D01002F6AAA /* Build configuration list for PBXProject "CD" */ = {
			isa = XCConfigurationList;
			buildConfigurations = (
				8E99BB912DB76D04002F6AAA /* Debug */,
				8E99BB922DB76D04002F6AAA /* Release */,
			);
			defaultConfigurationIsVisible = 0;
			defaultConfigurationName = Release;
		};
		8E99BB932DB76D04002F6AAA /* Build configuration list for PBXNativeTarget "CD" */ = {
			isa = XCConfigurationList;
			buildConfigurations = (
				8E99BB942DB76D04002F6AAA /* Debug */,
				8E99BB952DB76D04002F6AAA /* Release */,
			);
			defaultConfigurationIsVisible = 0;
			defaultConfigurationName = Release;
		};
		8E99BB962DB76D04002F6AAA /* Build configuration list for PBXNativeTarget "CDTests" */ = {
			isa = XCConfigurationList;
			buildConfigurations = (
				8E99BB972DB76D04002F6AAA /* Debug */,
				8E99BB982DB76D04002F6AAA /* Release */,
			);
			defaultConfigurationIsVisible = 0;
			defaultConfigurationName = Release;
		};
		8E99BB992DB76D04002F6AAA /* Build configuration list for PBXNativeTarget "CDUITests" */ = {
			isa = XCConfigurationList;
			buildConfigurations = (
				8E99BB9A2DB76D04002F6AAA /* Debug */,
				8E99BB9B2DB76D04002F6AAA /* Release */,
			);
			defaultConfigurationIsVisible = 0;
			defaultConfigurationName = Release;
		};
/* End XCConfigurationList section */
	};
	rootObject = 8E99BB612DB76D01002F6AAA /* Project object */;
}
